
Microsoft Visual Studio Solution File, Format Version 12.00
# Visual Studio Version 17
VisualStudioVersion = 17.10.35027.167
MinimumVisualStudioVersion = 10.0.40219.1
Project("{8BC9CEB8-8B4A-11D0-8D11-00A0C91BC942}") = "ConsoleApplication15", "ConsoleApplication15\ConsoleApplication15.vcxproj", "{32ADE6D9-E385-449F-9DAC-19F6E6FAFD0D}"
EndProject
Global
	GlobalSection(SolutionConfigurationPlatforms) = preSolution
		Debug|x64 = Debug|x64
		Debug|x86 = Debug|x86
		Release|x64 = Release|x64
		Release|x86 = Release|x86
	EndGlobalSection
	GlobalSection(ProjectConfigurationPlatforms) = postSolution
		{32ADE6D9-E385-449F-9DAC-19F6E6FAFD0D}.Debug|x64.ActiveCfg = Debug|x64
		{32ADE6D9-E385-449F-9DAC-19F6E6FAFD0D}.Debug|x64.Build.0 = Debug|x64
		{32ADE6D9-E385-449F-9DAC-19F6E6FAFD0D}.Debug|x86.ActiveCfg = Debug|Win32
		{32ADE6D9-E385-449F-9DAC-19F6E6FAFD0D}.Debug|x86.Build.0 = Debug|Win32
		{32ADE6D9-E385-449F-9DAC-19F6E6FAFD0D}.Release|x64.ActiveCfg = Release|x64
		{32ADE6D9-E385-449F-9DAC-19F6E6FAFD0D}.Release|x64.Build.0 = Release|x64
		{32ADE6D9-E385-449F-9DAC-19F6E6FAFD0D}.Release|x86.ActiveCfg = Release|Win32
		{32ADE6D9-E385-449F-9DAC-19F6E6FAFD0D}.Release|x86.Build.0 = Release|Win32
	EndGlobalSection
	GlobalSection(SolutionProperties) = preSolution
		HideSolutionNode = FALSE
	EndGlobalSection
	GlobalSection(ExtensibilityGlobals) = postSolution
		SolutionGuid = {F820828E-E18B-4F23-9406-8FE603BCAE6A}
	EndGlobalSection
EndGlobal
